
Microsoft Visual Studio Solution File, Format Version 12.00
# Visual Studio 15
VisualStudioVersion = 15.0.28307.271
MinimumVisualStudioVersion = 10.0.40219.1
Project("{9A19103F-16F7-4668-BE54-9A1E7A4F7556}") = "ObserverPattern", "ObserverPattern\ObserverPattern.csproj", "{90C1BD0F-633F-453F-BE3A-AF36AA4A4DBE}"
EndProject
Project("{9A19103F-16F7-4668-BE54-9A1E7A4F7556}") = "Decorator Pattern", "Decorator Pattern\Decorator Pattern.csproj", "{82EF2E89-19C3-467C-AEDF-ECFED27342D2}"
EndProject
Project("{FAE04EC0-301F-11D3-BF4B-00C04F79EFBC}") = "Simple Factory", "Simple Factory1\Simple Factory.csproj", "{EBC08460-2493-489B-8370-0E3E34AA4AA2}"
EndProject
Project("{FAE04EC0-301F-11D3-BF4B-00C04F79EFBC}") = "FactoryMethod", "FactoryMethod\FactoryMethod.csproj", "{C237EDF9-B10F-41D5-8B46-39CDAE499BDC}"
EndProject
Global
	GlobalSection(SolutionConfigurationPlatforms) = preSolution
		Debug|Any CPU = Debug|Any CPU
		Release|Any CPU = Release|Any CPU
	EndGlobalSection
	GlobalSection(ProjectConfigurationPlatforms) = postSolution
		{90C1BD0F-633F-453F-BE3A-AF36AA4A4DBE}.Debug|Any CPU.ActiveCfg = Debug|Any CPU
		{90C1BD0F-633F-453F-BE3A-AF36AA4A4DBE}.Debug|Any CPU.Build.0 = Debug|Any CPU
		{90C1BD0F-633F-453F-BE3A-AF36AA4A4DBE}.Release|Any CPU.ActiveCfg = Release|Any CPU
		{90C1BD0F-633F-453F-BE3A-AF36AA4A4DBE}.Release|Any CPU.Build.0 = Release|Any CPU
		{82EF2E89-19C3-467C-AEDF-ECFED27342D2}.Debug|Any CPU.ActiveCfg = Debug|Any CPU
		{82EF2E89-19C3-467C-AEDF-ECFED27342D2}.Debug|Any CPU.Build.0 = Debug|Any CPU
		{82EF2E89-19C3-467C-AEDF-ECFED27342D2}.Release|Any CPU.ActiveCfg = Release|Any CPU
		{82EF2E89-19C3-467C-AEDF-ECFED27342D2}.Release|Any CPU.Build.0 = Release|Any CPU
		{EBC08460-2493-489B-8370-0E3E34AA4AA2}.Debug|Any CPU.ActiveCfg = Debug|Any CPU
		{EBC08460-2493-489B-8370-0E3E34AA4AA2}.Debug|Any CPU.Build.0 = Debug|Any CPU
		{EBC08460-2493-489B-8370-0E3E34AA4AA2}.Release|Any CPU.ActiveCfg = Release|Any CPU
		{EBC08460-2493-489B-8370-0E3E34AA4AA2}.Release|Any CPU.Build.0 = Release|Any CPU
		{C237EDF9-B10F-41D5-8B46-39CDAE499BDC}.Debug|Any CPU.ActiveCfg = Debug|Any CPU
		{C237EDF9-B10F-41D5-8B46-39CDAE499BDC}.Debug|Any CPU.Build.0 = Debug|Any CPU
		{C237EDF9-B10F-41D5-8B46-39CDAE499BDC}.Release|Any CPU.ActiveCfg = Release|Any CPU
		{C237EDF9-B10F-41D5-8B46-39CDAE499BDC}.Release|Any CPU.Build.0 = Release|Any CPU
	EndGlobalSection
	GlobalSection(SolutionProperties) = preSolution
		HideSolutionNode = FALSE
	EndGlobalSection
	GlobalSection(ExtensibilityGlobals) = postSolution
		SolutionGuid = {6D8C13DB-8501-4BE2-A084-C00EC02A127D}
	EndGlobalSection
EndGlobal
